
Microsoft Visual Studio Solution File, Format Version 12.00
# Visual Studio Version 17
VisualStudioVersion = 17.7.34009.444
MinimumVisualStudioVersion = 10.0.40219.1
Project("{FAE04EC0-301F-11D3-BF4B-00C04F79EFBC}") = "BulkyWeb", "BulkyWeb\BulkyWeb.csproj", "{7A5C8391-2383-47A3-9A2C-C34A90A5B7CE}"
EndProject
Global
	GlobalSection(SolutionConfigurationPlatforms) = preSolution
		Debug|Any CPU = Debug|Any CPU
		Release|Any CPU = Release|Any CPU
	EndGlobalSection
	GlobalSection(ProjectConfigurationPlatforms) = postSolution
		{7A5C8391-2383-47A3-9A2C-C34A90A5B7CE}.Debug|Any CPU.ActiveCfg = Debug|Any CPU
		{7A5C8391-2383-47A3-9A2C-C34A90A5B7CE}.Debug|Any CPU.Build.0 = Debug|Any CPU
		{7A5C8391-2383-47A3-9A2C-C34A90A5B7CE}.Release|Any CPU.ActiveCfg = Release|Any CPU
		{7A5C8391-2383-47A3-9A2C-C34A90A5B7CE}.Release|Any CPU.Build.0 = Release|Any CPU
	EndGlobalSection
	GlobalSection(SolutionProperties) = preSolution
		HideSolutionNode = FALSE
	EndGlobalSection
	GlobalSection(ExtensibilityGlobals) = postSolution
		SolutionGuid = {8CF42133-8633-456B-9B39-9575259F241A}
	EndGlobalSection
EndGlobal
